
Microsoft Visual Studio Solution File, Format Version 12.00
# Visual Studio Version 17
VisualStudioVersion = 17.2.32616.157
MinimumVisualStudioVersion = 10.0.40219.1
Project("{FAE04EC0-301F-11D3-BF4B-00C04F79EFBC}") = "exercise C shape", "exercise C shape\exercise C shape.csproj", "{80729CA8-291F-4425-94E2-F323E372DB4D}"
EndProject
Global
	GlobalSection(SolutionConfigurationPlatforms) = preSolution
		Debug|Any CPU = Debug|Any CPU
		Release|Any CPU = Release|Any CPU
	EndGlobalSection
	GlobalSection(ProjectConfigurationPlatforms) = postSolution
		{80729CA8-291F-4425-94E2-F323E372DB4D}.Debug|Any CPU.ActiveCfg = Debug|Any CPU
		{80729CA8-291F-4425-94E2-F323E372DB4D}.Debug|Any CPU.Build.0 = Debug|Any CPU
		{80729CA8-291F-4425-94E2-F323E372DB4D}.Release|Any CPU.ActiveCfg = Release|Any CPU
		{80729CA8-291F-4425-94E2-F323E372DB4D}.Release|Any CPU.Build.0 = Release|Any CPU
	EndGlobalSection
	GlobalSection(SolutionProperties) = preSolution
		HideSolutionNode = FALSE
	EndGlobalSection
	GlobalSection(ExtensibilityGlobals) = postSolution
		SolutionGuid = {612D6969-F491-4290-BD8A-3B876DFF5327}
	EndGlobalSection
EndGlobal
